<Solution>
  <Folder Name="/src/">
    <Project Path="src/CyberCafe.Domain/CyberCafe.Domain.csproj" />
    <Project Path="src/CyberCafe.Contracts/CyberCafe.Contracts.csproj" />
    <Project Path="src/CyberCafe.Application/CyberCafe.Application.csproj" />
    <Project Path="src/CyberCafe.Infrastructure/CyberCafe.Infrastructure.csproj" />
    <Project Path="src/CyberCafe.Api/CyberCafe.Api.csproj" />
    <Project Path="src/CyberCafe.Web/CyberCafe.Web.csproj" />
  </Folder>
  <Folder Name="/tests/">
    <Project Path="tests/CyberCafe.Tests/CyberCafe.Tests.csproj" />
    <Project Path="tests/CyberCafe.Api.Tests/CyberCafe.Api.Tests.csproj" />
    <Project Path="tests/CyberCafe.Application.Tests/CyberCafe.Application.Tests.csproj" />
    <Project Path="tests/CyberCafe.ArchitectureTests/CyberCafe.ArchitectureTests.csproj" />
  </Folder>
</Solution>
